
Microsoft Visual Studio Solution File, Format Version 12.00
# Visual Studio 15
VisualStudioVersion = 15.0.28307.1145
MinimumVisualStudioVersion = 10.0.40219.1
Project("{FAE04EC0-301F-11D3-BF4B-00C04F79EFBC}") = "ProyectoDotnet_CoreBancario_SOAP", "ProyectoDotnet_CoreBancario_SOAP\ProyectoDotnet_CoreBancario_SOAP.csproj", "{D2F4CA82-F793-4B81-9F51-1FCD592CAB6A}"
EndProject
Global
	GlobalSection(SolutionConfigurationPlatforms) = preSolution
		Debug|Any CPU = Debug|Any CPU
		Release|Any CPU = Release|Any CPU
	EndGlobalSection
	GlobalSection(ProjectConfigurationPlatforms) = postSolution
		{D2F4CA82-F793-4B81-9F51-1FCD592CAB6A}.Debug|Any CPU.ActiveCfg = Debug|Any CPU
		{D2F4CA82-F793-4B81-9F51-1FCD592CAB6A}.Debug|Any CPU.Build.0 = Debug|Any CPU
		{D2F4CA82-F793-4B81-9F51-1FCD592CAB6A}.Release|Any CPU.ActiveCfg = Release|Any CPU
		{D2F4CA82-F793-4B81-9F51-1FCD592CAB6A}.Release|Any CPU.Build.0 = Release|Any CPU
	EndGlobalSection
	GlobalSection(SolutionProperties) = preSolution
		HideSolutionNode = FALSE
	EndGlobalSection
	GlobalSection(ExtensibilityGlobals) = postSolution
		SolutionGuid = {3488CC6F-E932-4B77-B1B4-FD00FF0C9F08}
	EndGlobalSection
EndGlobal
